
Microsoft Visual Studio Solution File, Format Version 12.00
# Visual Studio Version 16
VisualStudioVersion = 16.0.32126.315
MinimumVisualStudioVersion = 10.0.40219.1
Project("{FAE04EC0-301F-11D3-BF4B-00C04F79EFBC}") = "Weapons", "Weapons\Weapons.csproj", "{B2C6B62D-8FD5-4A36-BF98-DB3B3A22F75B}"
EndProject
Global
	GlobalSection(SolutionConfigurationPlatforms) = preSolution
		Debug|Any CPU = Debug|Any CPU
		Release|Any CPU = Release|Any CPU
	EndGlobalSection
	GlobalSection(ProjectConfigurationPlatforms) = postSolution
		{B2C6B62D-8FD5-4A36-BF98-DB3B3A22F75B}.Debug|Any CPU.ActiveCfg = Debug|Any CPU
		{B2C6B62D-8FD5-4A36-BF98-DB3B3A22F75B}.Debug|Any CPU.Build.0 = Debug|Any CPU
		{B2C6B62D-8FD5-4A36-BF98-DB3B3A22F75B}.Release|Any CPU.ActiveCfg = Release|Any CPU
		{B2C6B62D-8FD5-4A36-BF98-DB3B3A22F75B}.Release|Any CPU.Build.0 = Release|Any CPU
	EndGlobalSection
	GlobalSection(SolutionProperties) = preSolution
		HideSolutionNode = FALSE
	EndGlobalSection
	GlobalSection(ExtensibilityGlobals) = postSolution
		SolutionGuid = {90C5BFE3-0438-4C30-805E-F03FC2CE6789}
	EndGlobalSection
EndGlobal
